
Microsoft Visual Studio Solution File, Format Version 12.00
# Visual Studio 15
VisualStudioVersion = 15.0.28307.421
MinimumVisualStudioVersion = 10.0.40219.1
Project("{FAE04EC0-301F-11D3-BF4B-00C04F79EFBC}") = "dotnetcoresso", "dotnetcoresso\dotnetcoresso.csproj", "{AB30D9B1-7825-45DC-B011-E7E8EE588BBF}"
EndProject
Global
	GlobalSection(SolutionConfigurationPlatforms) = preSolution
		Debug|Any CPU = Debug|Any CPU
		Release|Any CPU = Release|Any CPU
	EndGlobalSection
	GlobalSection(ProjectConfigurationPlatforms) = postSolution
		{AB30D9B1-7825-45DC-B011-E7E8EE588BBF}.Debug|Any CPU.ActiveCfg = Debug|Any CPU
		{AB30D9B1-7825-45DC-B011-E7E8EE588BBF}.Debug|Any CPU.Build.0 = Debug|Any CPU
		{AB30D9B1-7825-45DC-B011-E7E8EE588BBF}.Release|Any CPU.ActiveCfg = Release|Any CPU
		{AB30D9B1-7825-45DC-B011-E7E8EE588BBF}.Release|Any CPU.Build.0 = Release|Any CPU
	EndGlobalSection
	GlobalSection(SolutionProperties) = preSolution
		HideSolutionNode = FALSE
	EndGlobalSection
	GlobalSection(ExtensibilityGlobals) = postSolution
		SolutionGuid = {0E2DD40A-D63B-4521-AFE0-BB8EDF59FBDD}
	EndGlobalSection
EndGlobal
